
Microsoft Visual Studio Solution File, Format Version 12.00
# Visual Studio Version 16
VisualStudioVersion = 16.0.31410.357
MinimumVisualStudioVersion = 10.0.40219.1
Project("{9A19103F-16F7-4668-BE54-9A1E7A4F7556}") = "CADI_Example.Service", "src\CADI_Example.Service\CADI_Example.Service.csproj", "{5E107E13-7B38-4490-87FF-40D9072E3E27}"
EndProject
Project("{9A19103F-16F7-4668-BE54-9A1E7A4F7556}") = "CADI_Example.Application", "src\CADI_Example.Application\CADI_Example.Application.csproj", "{86E1C8D8-4632-4264-92C0-8639F8D17EF3}"
EndProject
Project("{9A19103F-16F7-4668-BE54-9A1E7A4F7556}") = "CADI_Example.Domain", "src\CADI_Example.Domain\CADI_Example.Domain.csproj", "{D5D0985D-0080-4DA5-954D-35EE5DE1F6AE}"
EndProject
Project("{2150E333-8FDC-42A3-9474-1A3956D46DE8}") = "Libraries", "Libraries", "{BB9B8403-D570-405D-9BC2-F48F97FC7D80}"
EndProject
Project("{9A19103F-16F7-4668-BE54-9A1E7A4F7556}") = "CommonFunctionsLib", "src\CommonFunctionsLib\CommonFunctionsLib.csproj", "{3B9CC041-1E21-4982-890E-F841CADB5EFB}"
EndProject
Project("{9A19103F-16F7-4668-BE54-9A1E7A4F7556}") = "CADI_Example.Infrastructure", "src\CADI_Example.Infrastructure\CADI_Example.Infrastructure.csproj", "{A78CA5EE-A3FC-4D5E-A43F-DFC17016B609}"
EndProject
Project("{2150E333-8FDC-42A3-9474-1A3956D46DE8}") = "Tests", "Tests", "{05273539-E4F0-4172-90A6-65E16A630790}"
EndProject
Project("{FAE04EC0-301F-11D3-BF4B-00C04F79EFBC}") = "CommonFunctionsLib.Tests", "src\CommonFunctionsLib.Tests\CommonFunctionsLib.Tests.csproj", "{3EE602BB-B3E4-470C-8751-6FDCE05169A6}"
EndProject
Project("{FAE04EC0-301F-11D3-BF4B-00C04F79EFBC}") = "CADI_Example.Persistance", "src\CADI_Example.Persistance\CADI_Example.Persistance.csproj", "{88E955D6-BD9E-42A8-B988-A8CDF7B699FC}"
EndProject
Global
	GlobalSection(SolutionConfigurationPlatforms) = preSolution
		Debug|Any CPU = Debug|Any CPU
		Release|Any CPU = Release|Any CPU
	EndGlobalSection
	GlobalSection(ProjectConfigurationPlatforms) = postSolution
		{5E107E13-7B38-4490-87FF-40D9072E3E27}.Debug|Any CPU.ActiveCfg = Debug|Any CPU
		{5E107E13-7B38-4490-87FF-40D9072E3E27}.Debug|Any CPU.Build.0 = Debug|Any CPU
		{5E107E13-7B38-4490-87FF-40D9072E3E27}.Release|Any CPU.ActiveCfg = Release|Any CPU
		{5E107E13-7B38-4490-87FF-40D9072E3E27}.Release|Any CPU.Build.0 = Release|Any CPU
		{86E1C8D8-4632-4264-92C0-8639F8D17EF3}.Debug|Any CPU.ActiveCfg = Debug|Any CPU
		{86E1C8D8-4632-4264-92C0-8639F8D17EF3}.Debug|Any CPU.Build.0 = Debug|Any CPU
		{86E1C8D8-4632-4264-92C0-8639F8D17EF3}.Release|Any CPU.ActiveCfg = Release|Any CPU
		{86E1C8D8-4632-4264-92C0-8639F8D17EF3}.Release|Any CPU.Build.0 = Release|Any CPU
		{D5D0985D-0080-4DA5-954D-35EE5DE1F6AE}.Debug|Any CPU.ActiveCfg = Debug|Any CPU
		{D5D0985D-0080-4DA5-954D-35EE5DE1F6AE}.Debug|Any CPU.Build.0 = Debug|Any CPU
		{D5D0985D-0080-4DA5-954D-35EE5DE1F6AE}.Release|Any CPU.ActiveCfg = Release|Any CPU
		{D5D0985D-0080-4DA5-954D-35EE5DE1F6AE}.Release|Any CPU.Build.0 = Release|Any CPU
		{3B9CC041-1E21-4982-890E-F841CADB5EFB}.Debug|Any CPU.ActiveCfg = Debug|Any CPU
		{3B9CC041-1E21-4982-890E-F841CADB5EFB}.Debug|Any CPU.Build.0 = Debug|Any CPU
		{3B9CC041-1E21-4982-890E-F841CADB5EFB}.Release|Any CPU.ActiveCfg = Release|Any CPU
		{3B9CC041-1E21-4982-890E-F841CADB5EFB}.Release|Any CPU.Build.0 = Release|Any CPU
		{A78CA5EE-A3FC-4D5E-A43F-DFC17016B609}.Debug|Any CPU.ActiveCfg = Debug|Any CPU
		{A78CA5EE-A3FC-4D5E-A43F-DFC17016B609}.Debug|Any CPU.Build.0 = Debug|Any CPU
		{A78CA5EE-A3FC-4D5E-A43F-DFC17016B609}.Release|Any CPU.ActiveCfg = Release|Any CPU
		{A78CA5EE-A3FC-4D5E-A43F-DFC17016B609}.Release|Any CPU.Build.0 = Release|Any CPU
		{3EE602BB-B3E4-470C-8751-6FDCE05169A6}.Debug|Any CPU.ActiveCfg = Debug|Any CPU
		{3EE602BB-B3E4-470C-8751-6FDCE05169A6}.Debug|Any CPU.Build.0 = Debug|Any CPU
		{3EE602BB-B3E4-470C-8751-6FDCE05169A6}.Release|Any CPU.ActiveCfg = Release|Any CPU
		{3EE602BB-B3E4-470C-8751-6FDCE05169A6}.Release|Any CPU.Build.0 = Release|Any CPU
		{88E955D6-BD9E-42A8-B988-A8CDF7B699FC}.Debug|Any CPU.ActiveCfg = Debug|Any CPU
		{88E955D6-BD9E-42A8-B988-A8CDF7B699FC}.Debug|Any CPU.Build.0 = Debug|Any CPU
		{88E955D6-BD9E-42A8-B988-A8CDF7B699FC}.Release|Any CPU.ActiveCfg = Release|Any CPU
		{88E955D6-BD9E-42A8-B988-A8CDF7B699FC}.Release|Any CPU.Build.0 = Release|Any CPU
	EndGlobalSection
	GlobalSection(SolutionProperties) = preSolution
		HideSolutionNode = FALSE
	EndGlobalSection
	GlobalSection(NestedProjects) = preSolution
		{3B9CC041-1E21-4982-890E-F841CADB5EFB} = {BB9B8403-D570-405D-9BC2-F48F97FC7D80}
		{3EE602BB-B3E4-470C-8751-6FDCE05169A6} = {05273539-E4F0-4172-90A6-65E16A630790}
	EndGlobalSection
	GlobalSection(ExtensibilityGlobals) = postSolution
		SolutionGuid = {F005B9F0-9B32-490D-8395-7E46A2EA7174}
	EndGlobalSection
EndGlobal
